
Microsoft Visual Studio Solution File, Format Version 12.00
# Visual Studio Version 16
VisualStudioVersion = 16.0.36324.18
MinimumVisualStudioVersion = 10.0.40219.1
Project("{FAE04EC0-301F-11D3-BF4B-00C04F79EFBC}") = "EjecucionPruebaUnitariaEmpleados", "EjecucionPruebaUnitariaEmpleados\EjecucionPruebaUnitariaEmpleados.csproj", "{3B6D65BB-B4D0-43C4-B3CF-A9029D1C473F}"
EndProject
Global
	GlobalSection(SolutionConfigurationPlatforms) = preSolution
		Debug|Any CPU = Debug|Any CPU
		Release|Any CPU = Release|Any CPU
	EndGlobalSection
	GlobalSection(ProjectConfigurationPlatforms) = postSolution
		{3B6D65BB-B4D0-43C4-B3CF-A9029D1C473F}.Debug|Any CPU.ActiveCfg = Debug|Any CPU
		{3B6D65BB-B4D0-43C4-B3CF-A9029D1C473F}.Debug|Any CPU.Build.0 = Debug|Any CPU
		{3B6D65BB-B4D0-43C4-B3CF-A9029D1C473F}.Release|Any CPU.ActiveCfg = Release|Any CPU
		{3B6D65BB-B4D0-43C4-B3CF-A9029D1C473F}.Release|Any CPU.Build.0 = Release|Any CPU
	EndGlobalSection
	GlobalSection(SolutionProperties) = preSolution
		HideSolutionNode = FALSE
	EndGlobalSection
	GlobalSection(ExtensibilityGlobals) = postSolution
		SolutionGuid = {B6DC181A-51DF-4EA3-87B0-43115B523B40}
	EndGlobalSection
EndGlobal
